
Microsoft Visual Studio Solution File, Format Version 12.00
Project("{FAE04EC0-301F-11D3-BF4B-00C04F79EFBC}") = "DataStructuresExamExercise", "DataStructuresExamExercise\DataStructuresExamExercise.csproj", "{572A3B5C-2BCD-468A-A1E4-E0E5F66ACAD5}"
EndProject
Global
	GlobalSection(SolutionConfigurationPlatforms) = preSolution
		Debug|Any CPU = Debug|Any CPU
		Release|Any CPU = Release|Any CPU
	EndGlobalSection
	GlobalSection(ProjectConfigurationPlatforms) = postSolution
		{572A3B5C-2BCD-468A-A1E4-E0E5F66ACAD5}.Debug|Any CPU.ActiveCfg = Debug|Any CPU
		{572A3B5C-2BCD-468A-A1E4-E0E5F66ACAD5}.Debug|Any CPU.Build.0 = Debug|Any CPU
		{572A3B5C-2BCD-468A-A1E4-E0E5F66ACAD5}.Release|Any CPU.ActiveCfg = Release|Any CPU
		{572A3B5C-2BCD-468A-A1E4-E0E5F66ACAD5}.Release|Any CPU.Build.0 = Release|Any CPU
	EndGlobalSection
EndGlobal
